// !$*UTF8*$!
{
	archiveVersion = 1;
	classes = {
	};
	objectVersion = 56;
	objects = {

/* Begin PBXBuildFile section */
		CBADF07F29A567C700245A91 /* AppDelegate.swift in Sources */ = {isa = PBXBuildFile; fileRef = CBADF07E29A567C700245A91 /* AppDelegate.swift */; };
		CBADF08129A567C700245A91 /* SceneDelegate.swift in Sources */ = {isa = PBXBuildFile; fileRef = CBADF08029A567C700245A91 /* SceneDelegate.swift */; };
		CBADF08329A567C700245A91 /* ViewController.swift in Sources */ = {isa = PBXBuildFile; fileRef = CBADF08229A567C700245A91 /* ViewController.swift */; };
		CBADF08629A567C700245A91 /* Main.storyboard in Resources */ = {isa = PBXBuildFile; fileRef = CBADF08429A567C700245A91 /* Main.storyboard */; };
		CBADF08829A567C900245A91 /* Assets.xcassets in Resources */ = {isa = PBXBuildFile; fileRef = CBADF08729A567C900245A91 /* Assets.xcassets */; };
		CBADF08B29A567C900245A91 /* LaunchScreen.storyboard in Resources */ = {isa = PBXBuildFile; fileRef = CBADF08929A567C900245A91 /* LaunchScreen.storyboard */; };
		CBADF09329A56E2800245A91 /* DrinkDetailsViewController.swift in Sources */ = {isa = PBXBuildFile; fileRef = CBADF09229A56E2800245A91 /* DrinkDetailsViewController.swift */; };
		CBADF09529A5719900245A91 /* Drink.swift in Sources */ = {isa = PBXBuildFile; fileRef = CBADF09429A5719900245A91 /* Drink.swift */; };
/* End PBXBuildFile section */

/* Begin PBXFileReference section */
		CBADF07B29A567C700245A91 /* BAC Calculator.app */ = {isa = PBXFileReference; explicitFileType = wrapper.application; includeInIndex = 0; path = "BAC Calculator.app"; sourceTree = BUILT_PRODUCTS_DIR; };
		CBADF07E29A567C700245A91 /* AppDelegate.swift */ = {isa = PBXFileReference; lastKnownFileType = sourcecode.swift; path = AppDelegate.swift; sourceTree = "<group>"; };
		CBADF08029A567C700245A91 /* SceneDelegate.swift */ = {isa = PBXFileReference; lastKnownFileType = sourcecode.swift; path = SceneDelegate.swift; sourceTree = "<group>"; };
		CBADF08229A567C700245A91 /* ViewController.swift */ = {isa = PBXFileReference; lastKnownFileType = sourcecode.swift; path = ViewController.swift; sourceTree = "<group>"; };
		CBADF08529A567C700245A91 /* Base */ = {isa = PBXFileReference; lastKnownFileType = file.storyboard; name = Base; path = Base.lproj/Main.storyboard; sourceTree = "<group>"; };
		CBADF08729A567C900245A91 /* Assets.xcassets */ = {isa = PBXFileReference; lastKnownFileType = folder.assetcatalog; path = Assets.xcassets; sourceTree = "<group>"; };
		CBADF08A29A567C900245A91 /* Base */ = {isa = PBXFileReference; lastKnownFileType = file.storyboard; name = Base; path = Base.lproj/LaunchScreen.storyboard; sourceTree = "<group>"; };
		CBADF08C29A567C900245A91 /* Info.plist */ = {isa = PBXFileReference; lastKnownFileType = text.plist.xml; path = Info.plist; sourceTree = "<group>"; };
		CBADF09229A56E2800245A91 /* DrinkDetailsViewController.swift */ = {isa = PBXFileReference; lastKnownFileType = sourcecode.swift; path = DrinkDetailsViewController.swift; sourceTree = "<group>"; };
		CBADF09429A5719900245A91 /* Drink.swift */ = {isa = PBXFileReference; lastKnownFileType = sourcecode.swift; path = Drink.swift; sourceTree = "<group>"; };
/* End PBXFileReference section */

/* Begin PBXFrameworksBuildPhase section */
		CBADF07829A567C700245A91 /* Frameworks */ = {
			isa = PBXFrameworksBuildPhase;
			buildActionMask = 2147483647;
			files = (
			);
			runOnlyForDeploymentPostprocessing = 0;
		};
/* End PBXFrameworksBuildPhase section */

/* Begin PBXGroup section */
		CBADF07229A567C700245A91 = {
			isa = PBXGroup;
			children = (
				CBADF07D29A567C700245A91 /* BAC Calculator */,
				CBADF07C29A567C700245A91 /* Products */,
			);
			sourceTree = "<group>";
		};
		CBADF07C29A567C700245A91 /* Products */ = {
			isa = PBXGroup;
			children = (
				CBADF07B29A567C700245A91 /* BAC Calculator.app */,
			);
			name = Products;
			sourceTree = "<group>";
		};
		CBADF07D29A567C700245A91 /* BAC Calculator */ = {
			isa = PBXGroup;
			children = (
				CBADF07E29A567C700245A91 /* AppDelegate.swift */,
				CBADF08029A567C700245A91 /* SceneDelegate.swift */,
				CBADF08229A567C700245A91 /* ViewController.swift */,
				CBADF08429A567C700245A91 /* Main.storyboard */,
				CBADF08729A567C900245A91 /* Assets.xcassets */,
				CBADF08929A567C900245A91 /* LaunchScreen.storyboard */,
				CBADF08C29A567C900245A91 /* Info.plist */,
				CBADF09229A56E2800245A91 /* DrinkDetailsViewController.swift */,
				CBADF09429A5719900245A91 /* Drink.swift */,
			);
			path = "BAC Calculator";
			sourceTree = "<group>";
		};
/* End PBXGroup section */

/* Begin PBXNativeTarget section */
		CBADF07A29A567C700245A91 /* BAC Calculator */ = {
			isa = PBXNativeTarget;
			buildConfigurationList = CBADF08F29A567C900245A91 /* Build configuration list for PBXNativeTarget "BAC Calculator" */;
			buildPhases = (
				CBADF07729A567C700245A91 /* Sources */,
				CBADF07829A567C700245A91 /* Frameworks */,
				CBADF07929A567C700245A91 /* Resources */,
			);
			buildRules = (
			);
			dependencies = (
			);
			name = "BAC Calculator";
			productName = "BAC Calculator";
			productReference = CBADF07B29A567C700245A91 /* BAC Calculator.app */;
			productType = "com.apple.product-type.application";
		};
/* End PBXNativeTarget section */

/* Begin PBXProject section */
		CBADF07329A567C700245A91 /* Project object */ = {
			isa = PBXProject;
			attributes = {
				BuildIndependentTargetsInParallel = 1;
				LastSwiftUpdateCheck = 1420;
				LastUpgradeCheck = 1420;
				TargetAttributes = {
					CBADF07A29A567C700245A91 = {
						CreatedOnToolsVersion = 14.2;
					};
				};
			};
			buildConfigurationList = CBADF07629A567C700245A91 /* Build configuration list for PBXProject "BAC Calculator" */;
			compatibilityVersion = "Xcode 14.0";
			developmentRegion = en;
			hasScannedForEncodings = 0;
			knownRegions = (
				en,
				Base,
			);
			mainGroup = CBADF07229A567C700245A91;
			productRefGroup = CBADF07C29A567C700245A91 /* Products */;
			projectDirPath = "";
			projectRoot = "";
			targets = (
				CBADF07A29A567C700245A91 /* BAC Calculator */,
			);
		};
/* End PBXProject section */

/* Begin PBXResourcesBuildPhase section */
		CBADF07929A567C700245A91 /* Resources */ = {
			isa = PBXResourcesBuildPhase;
			buildActionMask = 2147483647;
			files = (
				CBADF08B29A567C900245A91 /* LaunchScreen.storyboard in Resources */,
				CBADF08829A567C900245A91 /* Assets.xcassets in Resources */,
				CBADF08629A567C700245A91 /* Main.storyboard in Resources */,
			);
			runOnlyForDeploymentPostprocessing = 0;
		};
/* End PBXResourcesBuildPhase section */

/* Begin PBXSourcesBuildPhase section */
		CBADF07729A567C700245A91 /* Sources */ = {
			isa = PBXSourcesBuildPhase;
			buildActionMask = 2147483647;
			files = (
				CBADF09329A56E2800245A91 /* DrinkDetailsViewController.swift in Sources */,
				CBADF08329A567C700245A91 /* ViewController.swift in Sources */,
				CBADF07F29A567C700245A91 /* AppDelegate.swift in Sources */,
				CBADF09529A5719900245A91 /* Drink.swift in Sources */,
				CBADF08129A567C700245A91 /* SceneDelegate.swift in Sources */,
			);
			runOnlyForDeploymentPostprocessing = 0;
		};
/* End PBXSourcesBuildPhase section */

/* Begin PBXVariantGroup section */
		CBADF08429A567C700245A91 /* Main.storyboard */ = {
			isa = PBXVariantGroup;
			children = (
				CBADF08529A567C700245A91 /* Base */,
			);
			name = Main.storyboard;
			sourceTree = "<group>";
		};
		CBADF08929A567C900245A91 /* LaunchScreen.storyboard */ = {
			isa = PBXVariantGroup;
			children = (
				CBADF08A29A567C900245A91 /* Base */,
			);
			name = LaunchScreen.storyboard;
			sourceTree = "<group>";
		};
/* End PBXVariantGroup section */

/* Begin XCBuildConfiguration section */
		CBADF08D29A567C900245A91 /* Debug */ = {
			isa = XCBuildConfiguration;
			buildSettings = {
				ALWAYS_SEARCH_USER_PATHS = NO;
				CLANG_ANALYZER_NONNULL = YES;
				CLANG_ANALYZER_NUMBER_OBJECT_CONVERSION = YES_AGGRESSIVE;
				CLANG_CXX_LANGUAGE_STANDARD = "gnu++20";
				CLANG_ENABLE_MODULES = YES;
				CLANG_ENABLE_OBJC_ARC = YES;
				CLANG_ENABLE_OBJC_WEAK = YES;
				CLANG_WARN_BLOCK_CAPTURE_AUTORELEASING = YES;
				CLANG_WARN_BOOL_CONVERSION = YES;
				CLANG_WARN_COMMA = YES;
				CLANG_WARN_CONSTANT_CONVERSION = YES;
				CLANG_WARN_DEPRECATED_OBJC_IMPLEMENTATIONS = YES;
				CLANG_WARN_DIRECT_OBJC_ISA_USAGE = YES_ERROR;
				CLANG_WARN_DOCUMENTATION_COMMENTS = YES;
				CLANG_WARN_EMPTY_BODY = YES;
				CLANG_WARN_ENUM_CONVERSION = YES;
				CLANG_WARN_INFINITE_RECURSION = YES;
				CLANG_WARN_INT_CONVERSION = YES;
				CLANG_WARN_NON_LITERAL_NULL_CONVERSION = YES;
				CLANG_WARN_OBJC_IMPLICIT_RETAIN_SELF = YES;
				CLANG_WARN_OBJC_LITERAL_CONVERSION = YES;
				CLANG_WARN_OBJC_ROOT_CLASS = YES_ERROR;
				CLANG_WARN_QUOTED_INCLUDE_IN_FRAMEWORK_HEADER = YES;
				CLANG_WARN_RANGE_LOOP_ANALYSIS = YES;
				CLANG_WARN_STRICT_PROTOTYPES = YES;
				CLANG_WARN_SUSPICIOUS_MOVE = YES;
				CLANG_WARN_UNGUARDED_AVAILABILITY = YES_AGGRESSIVE;
				CLANG_WARN_UNREACHABLE_CODE = YES;
				CLANG_WARN__DUPLICATE_METHOD_MATCH = YES;
				COPY_PHASE_STRIP = NO;
				DEBUG_INFORMATION_FORMAT = dwarf;
				ENABLE_STRICT_OBJC_MSGSEND = YES;
				ENABLE_TESTABILITY = YES;
				GCC_C_LANGUAGE_STANDARD = gnu11;
				GCC_DYNAMIC_NO_PIC = NO;
				GCC_NO_COMMON_BLOCKS = YES;
				GCC_OPTIMIZATION_LEVEL = 0;
				GCC_PREPROCESSOR_DEFINITIONS = (
					"DEBUG=1",
					"$(inherited)",
				);
				GCC_WARN_64_TO_32_BIT_CONVERSION = YES;
				GCC_WARN_ABOUT_RETURN_TYPE = YES_ERROR;
				GCC_WARN_UNDECLARED_SELECTOR = YES;
				GCC_WARN_UNINITIALIZED_AUTOS = YES_AGGRESSIVE;
				GCC_WARN_UNUSED_FUNCTION = YES;
				GCC_WARN_UNUSED_VARIABLE = YES;
				IPHONEOS_DEPLOYMENT_TARGET = 16.2;
				MTL_ENABLE_DEBUG_INFO = INCLUDE_SOURCE;
				MTL_FAST_MATH = YES;
				ONLY_ACTIVE_ARCH = YES;
				SDKROOT = iphoneos;
				SWIFT_ACTIVE_COMPILATION_CONDITIONS = DEBUG;
				SWIFT_OPTIMIZATION_LEVEL = "-Onone";
			};
			name = Debug;
		};
		CBADF08E29A567C900245A91 /* Release */ = {
			isa = XCBuildConfiguration;
			buildSettings = {
				ALWAYS_SEARCH_USER_PATHS = NO;
				CLANG_ANALYZER_NONNULL = YES;
				CLANG_ANALYZER_NUMBER_OBJECT_CONVERSION = YES_AGGRESSIVE;
				CLANG_CXX_LANGUAGE_STANDARD = "gnu++20";
				CLANG_ENABLE_MODULES = YES;
				CLANG_ENABLE_OBJC_ARC = YES;
				CLANG_ENABLE_OBJC_WEAK = YES;
				CLANG_WARN_BLOCK_CAPTURE_AUTORELEASING = YES;
				CLANG_WARN_BOOL_CONVERSION = YES;
				CLANG_WARN_COMMA = YES;
				CLANG_WARN_CONSTANT_CONVERSION = YES;
				CLANG_WARN_DEPRECATED_OBJC_IMPLEMENTATIONS = YES;
				CLANG_WARN_DIRECT_OBJC_ISA_USAGE = YES_ERROR;
				CLANG_WARN_DOCUMENTATION_COMMENTS = YES;
				CLANG_WARN_EMPTY_BODY = YES;
				CLANG_WARN_ENUM_CONVERSION = YES;
				CLANG_WARN_INFINITE_RECURSION = YES;
				CLANG_WARN_INT_CONVERSION = YES;
				CLANG_WARN_NON_LITERAL_NULL_CONVERSION = YES;
				CLANG_WARN_OBJC_IMPLICIT_RETAIN_SELF = YES;
				CLANG_WARN_OBJC_LITERAL_CONVERSION = YES;
				CLANG_WARN_OBJC_ROOT_CLASS = YES_ERROR;
				CLANG_WARN_QUOTED_INCLUDE_IN_FRAMEWORK_HEADER = YES;
				CLANG_WARN_RANGE_LOOP_ANALYSIS = YES;
				CLANG_WARN_STRICT_PROTOTYPES = YES;
				CLANG_WARN_SUSPICIOUS_MOVE = YES;
				CLANG_WARN_UNGUARDED_AVAILABILITY = YES_AGGRESSIVE;
				CLANG_WARN_UNREACHABLE_CODE = YES;
				CLANG_WARN__DUPLICATE_METHOD_MATCH = YES;
				COPY_PHASE_STRIP = NO;
				DEBUG_INFORMATION_FORMAT = "dwarf-with-dsym";
				ENABLE_NS_ASSERTIONS = NO;
				ENABLE_STRICT_OBJC_MSGSEND = YES;
				GCC_C_LANGUAGE_STANDARD = gnu11;
				GCC_NO_COMMON_BLOCKS = YES;
				GCC_WARN_64_TO_32_BIT_CONVERSION = YES;
				GCC_WARN_ABOUT_RETURN_TYPE = YES_ERROR;
				GCC_WARN_UNDECLARED_SELECTOR = YES;
				GCC_WARN_UNINITIALIZED_AUTOS = YES_AGGRESSIVE;
				GCC_WARN_UNUSED_FUNCTION = YES;
				GCC_WARN_UNUSED_VARIABLE = YES;
				IPHONEOS_DEPLOYMENT_TARGET = 16.2;
				MTL_ENABLE_DEBUG_INFO = NO;
				MTL_FAST_MATH = YES;
				SDKROOT = iphoneos;
				SWIFT_COMPILATION_MODE = wholemodule;
				SWIFT_OPTIMIZATION_LEVEL = "-O";
				VALIDATE_PRODUCT = YES;
			};
			name = Release;
		};
		CBADF09029A567C900245A91 /* Debug */ = {
			isa = XCBuildConfiguration;
			buildSettings = {
				ASSETCATALOG_COMPILER_APPICON_NAME = AppIcon;
				ASSETCATALOG_COMPILER_GLOBAL_ACCENT_COLOR_NAME = AccentColor;
				CODE_SIGN_STYLE = Automatic;
				CURRENT_PROJECT_VERSION = 1;
				GENERATE_INFOPLIST_FILE = YES;
				INFOPLIST_FILE = "BAC Calculator/Info.plist";
				INFOPLIST_KEY_UIApplicationSupportsIndirectInputEvents = YES;
				INFOPLIST_KEY_UILaunchStoryboardName = LaunchScreen;
				INFOPLIST_KEY_UIMainStoryboardFile = Main;
				INFOPLIST_KEY_UISupportedInterfaceOrientations_iPad = "UIInterfaceOrientationPortrait UIInterfaceOrientationPortraitUpsideDown UIInterfaceOrientationLandscapeLeft UIInterfaceOrientationLandscapeRight";
				INFOPLIST_KEY_UISupportedInterfaceOrientations_iPhone = "UIInterfaceOrientationPortrait UIInterfaceOrientationLandscapeLeft UIInterfaceOrientationLandscapeRight";
				LD_RUNPATH_SEARCH_PATHS = (
					"$(inherited)",
					"@executable_path/Frameworks",
				);
				MARKETING_VERSION = 1.0;
				PRODUCT_BUNDLE_IDENTIFIER = "kailash.BAC-Calculator";
				PRODUCT_NAME = "$(TARGET_NAME)";
				SWIFT_EMIT_LOC_STRINGS = YES;
				SWIFT_VERSION = 5.0;
				TARGETED_DEVICE_FAMILY = "1,2";
			};
			name = Debug;
		};
		CBADF09129A567C900245A91 /* Release */ = {
			isa = XCBuildConfiguration;
			buildSettings = {
				ASSETCATALOG_COMPILER_APPICON_NAME = AppIcon;
				ASSETCATALOG_COMPILER_GLOBAL_ACCENT_COLOR_NAME = AccentColor;
				CODE_SIGN_STYLE = Automatic;
				CURRENT_PROJECT_VERSION = 1;
				GENERATE_INFOPLIST_FILE = YES;
				INFOPLIST_FILE = "BAC Calculator/Info.plist";
				INFOPLIST_KEY_UIApplicationSupportsIndirectInputEvents = YES;
				INFOPLIST_KEY_UILaunchStoryboardName = LaunchScreen;
				INFOPLIST_KEY_UIMainStoryboardFile = Main;
				INFOPLIST_KEY_UISupportedInterfaceOrientations_iPad = "UIInterfaceOrientationPortrait UIInterfaceOrientationPortraitUpsideDown UIInterfaceOrientationLandscapeLeft UIInterfaceOrientationLandscapeRight";
				INFOPLIST_KEY_UISupportedInterfaceOrientations_iPhone = "UIInterfaceOrientationPortrait UIInterfaceOrientationLandscapeLeft UIInterfaceOrientationLandscapeRight";
				LD_RUNPATH_SEARCH_PATHS = (
					"$(inherited)",
					"@executable_path/Frameworks",
				);
				MARKETING_VERSION = 1.0;
				PRODUCT_BUNDLE_IDENTIFIER = "kailash.BAC-Calculator";
				PRODUCT_NAME = "$(TARGET_NAME)";
				SWIFT_EMIT_LOC_STRINGS = YES;
				SWIFT_VERSION = 5.0;
				TARGETED_DEVICE_FAMILY = "1,2";
			};
			name = Release;
		};
/* End XCBuildConfiguration section */

/* Begin XCConfigurationList section */
		CBADF07629A567C700245A91 /* Build configuration list for PBXProject "BAC Calculator" */ = {
			isa = XCConfigurationList;
			buildConfigurations = (
				CBADF08D29A567C900245A91 /* Debug */,
				CBADF08E29A567C900245A91 /* Release */,
			);
			defaultConfigurationIsVisible = 0;
			defaultConfigurationName = Release;
		};
		CBADF08F29A567C900245A91 /* Build configuration list for PBXNativeTarget "BAC Calculator" */ = {
			isa = XCConfigurationList;
			buildConfigurations = (
				CBADF09029A567C900245A91 /* Debug */,
				CBADF09129A567C900245A91 /* Release */,
			);
			defaultConfigurationIsVisible = 0;
			defaultConfigurationName = Release;
		};
/* End XCConfigurationList section */
	};
	rootObject = CBADF07329A567C700245A91 /* Project object */;
}
